
Microsoft Visual Studio Solution File, Format Version 12.00
# Visual Studio Version 17
VisualStudioVersion = 17.13.35818.85 d17.13
MinimumVisualStudioVersion = 10.0.40219.1
Project("{8BC9CEB8-8B4A-11D0-8D11-00A0C91BC942}") = "Tibbiy varaqa", "Tibbiy varaqa\Tibbiy varaqa.vcxproj", "{AFA5C8C1-9949-9B42-91DE-0CCD2A274386}"
EndProject
Global
	GlobalSection(SolutionConfigurationPlatforms) = preSolution
		Debug|x64 = Debug|x64
		Debug|x86 = Debug|x86
		Release|x64 = Release|x64
		Release|x86 = Release|x86
	EndGlobalSection
	GlobalSection(ProjectConfigurationPlatforms) = postSolution
		{AFA5C8C1-9949-9B42-91DE-0CCD2A274386}.Debug|x64.ActiveCfg = Debug|x64
		{AFA5C8C1-9949-9B42-91DE-0CCD2A274386}.Debug|x64.Build.0 = Debug|x64
		{AFA5C8C1-9949-9B42-91DE-0CCD2A274386}.Debug|x86.ActiveCfg = Debug|Win32
		{AFA5C8C1-9949-9B42-91DE-0CCD2A274386}.Debug|x86.Build.0 = Debug|Win32
		{AFA5C8C1-9949-9B42-91DE-0CCD2A274386}.Release|x64.ActiveCfg = Release|x64
		{AFA5C8C1-9949-9B42-91DE-0CCD2A274386}.Release|x64.Build.0 = Release|x64
		{AFA5C8C1-9949-9B42-91DE-0CCD2A274386}.Release|x86.ActiveCfg = Release|Win32
		{AFA5C8C1-9949-9B42-91DE-0CCD2A274386}.Release|x86.Build.0 = Release|Win32
	EndGlobalSection
	GlobalSection(SolutionProperties) = preSolution
		HideSolutionNode = FALSE
	EndGlobalSection
	GlobalSection(ExtensibilityGlobals) = postSolution
		SolutionGuid = {D50FCED3-4720-4FFB-8601-D45C04231B0F}
	EndGlobalSection
EndGlobal
